# name|repository|release ref|full commit
go-bootstrap-1.20.14|https://github.com/golang/go.git|go1.20.14|90a870f1dc49bfcc6ffe95f80fbaf21875198e7a
go-bootstrap-1.22.12|https://github.com/golang/go.git|go1.22.12|5817e650946aaa0ac28956de96b3f9aa1de4b299
go-bootstrap-1.24.6|https://github.com/golang/go.git|go1.24.6|7f36edc26d4e3becb6d9c9008ff00f260bb19055
go|https://github.com/golang/go.git|go1.26.7|e3336a22ad3f0a90bd252c95d8b5544e02674205
zlib|https://github.com/madler/zlib.git|v1.3.1|51b7f2abdade71cd9bb0e7a373ef2610ec6f9daf
protobuf|https://github.com/protocolbuffers/protobuf.git|v29.1|796e49f6ca82f763d1087d2ff7355d2f0d7b71b1
ncurses|https://github.com/mirror/ncurses.git|v6.4|79b9071f2be20a24c7be031655a5638f6032f29f
gmp|https://github.com/alisw/GMP.git|v6.2.1|2bbd52703e5af82509773264bfbd20ff8464804f
nettle|https://gitlab.com/gnutls/nettle.git|nettle_3.10_release_20240616|b8c841dc3278dec0812365f02370b41ea9d4ddee
mosh4android|https://github.com/connectbot/mosh4android.git|android|2de58be90449bfee4041c5d798f921f84d10dc0b
